{
  "name": "example-ts",
  "version": "0.0.1",
  "lockfileVersion": 1,
  "requires": true,
  "dependencies": {
    "@vertx/auth-common": {
      "version": "3.6.3",
      "resolved": "http://nexus.aic.serpro/repository/npmjs-registry/@vertx/auth-common/-/auth-common-3.6.3.tgz",
      "integrity": "sha512-3AeTZ3C2AAwpRnUnUt6yjrHewbaW16gwW1jLz+TmLSRw7JvHkoIfAS4QefIiSYpBt2jwpk/XP8Rn+Q7lbgXo4A==",
      "requires": {
        "@vertx/core": "3.6.3"
      }
    },
    "@vertx/bridge-common": {
      "version": "3.6.3",
      "resolved": "http://nexus.aic.serpro/repository/npmjs-registry/@vertx/bridge-common/-/bridge-common-3.6.3.tgz",
      "integrity": "sha512-n4zJT82iQntT9jyqRZvacYV9yMOtn3skL2OO6SJmY54Ef8ZuMug2DzMo2RarieOBz9avSQzELEstYuEOF5RR9w==",
      "requires": {
        "@vertx/core": "3.6.3"
      }
    },
    "@vertx/core": {
      "version": "3.6.3",
      "resolved": "http://nexus.aic.serpro/repository/npmjs-registry/@vertx/core/-/core-3.6.3.tgz",
      "integrity": "sha512-CrcGzze8aGWKXsATjqW97cKMr7Jl2Qcgf99am8D6UwxqDm5mmLMrI7DL04Wy1dCvUHZmLyGt2P7B0nDxgEAGvw=="
    },
    "@vertx/web": {
      "version": "3.6.3",
      "resolved": "http://nexus.aic.serpro/repository/npmjs-registry/@vertx/web/-/web-3.6.3.tgz",
      "integrity": "sha512-EnBdlSyGm2toPYZ85DEnajpzRHoJKcJTA9xXfzleKyvMwcCV9A1biDoovPBYQL/fszaai0WbTNsS72zS1ZMaVQ==",
      "requires": {
        "@vertx/auth-common": "3.6.3",
        "@vertx/bridge-common": "3.6.3",
        "@vertx/core": "3.6.3",
        "@vertx/web-common": "3.6.3"
      }
    },
    "@vertx/web-common": {
      "version": "3.6.3",
      "resolved": "http://nexus.aic.serpro/repository/npmjs-registry/@vertx/web-common/-/web-common-3.6.3.tgz",
      "integrity": "sha512-UxGRyzj9T88+KR3jv8Hs4aU8e+Onw5Ue9aULF7RhwIWmIPtTTg7DMCHbgkd3juBVFb0HgqIc5ZATk/ykMQvKYg==",
      "requires": {
        "@vertx/core": "3.6.3"
      }
    },
    "typescript": {
      "version": "3.3.3333",
      "resolved": "http://nexus.aic.serpro/repository/npmjs-registry/typescript/-/typescript-3.3.3333.tgz",
      "integrity": "sha512-JjSKsAfuHBE/fB2oZ8NxtRTk5iGcg6hkYXMnZ3Wc+b2RSqejEqTaem11mHASMnFilHrax3sLK0GDzcJrekZYLw==",
      "dev": true
    }
  }
}
